
Microsoft Visual Studio Solution File, Format Version 11.00
# Visual Studio 2010
Project("{FAE04EC0-301F-11D3-BF4B-00C04F79EFBC}") = "eCommerce.Model", "eCommerce.Model\eCommerce.Model.csproj", "{082C99E9-FA31-41FE-A1D2-D5C4D0F557C6}"
EndProject
Project("{FAE04EC0-301F-11D3-BF4B-00C04F79EFBC}") = "eCommerce.Admin", "eCommerce.Admin\eCommerce.Admin.csproj", "{87AA55AE-4125-4D8C-9C9E-AC3F214B5D01}"
EndProject
Project("{FAE04EC0-301F-11D3-BF4B-00C04F79EFBC}") = "eCommerce.Utility", "eCommerce.Utility\eCommerce.Utility.csproj", "{8E76C2B5-95D1-4490-9FC1-571C90FB58D8}"
EndProject
Project("{2150E333-8FDC-42A3-9474-1A3956D46DE8}") = "Library Project", "Library Project", "{4AE9C9A4-B9A9-42E9-83CE-25A98B770F9A}"
EndProject
Project("{FAE04EC0-301F-11D3-BF4B-00C04F79EFBC}") = "CKEditor.NET", "Library Project\CKEditor.NET\CKEditor.NET.csproj", "{FC4500A9-8E83-46B0-87FA-86D44AB79AA7}"
EndProject
Project("{FAE04EC0-301F-11D3-BF4B-00C04F79EFBC}") = "OfficeWebUI", "Library Project\OfficeWebUI\OfficeWebUI.csproj", "{8192EECB-F2F1-4753-A29F-246F7E2973BF}"
EndProject
Project("{FAE04EC0-301F-11D3-BF4B-00C04F79EFBC}") = "eCommerce.WebUI", "eCommerce.WebUI\eCommerce.WebUI.csproj", "{824EA0BD-A4F0-4659-AD48-64288447F5F3}"
EndProject
Project("{FAE04EC0-301F-11D3-BF4B-00C04F79EFBC}") = "eCommerce.UnitTests", "eCommerce.UnitTests\eCommerce.UnitTests.csproj", "{299D1983-B31C-4407-8C92-F9AD692DB2F7}"
EndProject
Project("{2150E333-8FDC-42A3-9474-1A3956D46DE8}") = "Solution Items", "Solution Items", "{3D1BC8A1-7233-4AB6-B524-E2801A660967}"
	ProjectSection(SolutionItems) = preProject
		eCommerce.vsmdi = eCommerce.vsmdi
		Local.testsettings = Local.testsettings
		TraceAndTestImpact.testsettings = TraceAndTestImpact.testsettings
	EndProjectSection
EndProject
Global
	GlobalSection(SubversionScc) = preSolution
		Svn-Managed = True
		Manager = AnkhSVN - Subversion Support for Visual Studio
	EndGlobalSection
	GlobalSection(TestCaseManagementSettings) = postSolution
		CategoryFile = eCommerce.vsmdi
	EndGlobalSection
	GlobalSection(SolutionConfigurationPlatforms) = preSolution
		Debug|Any CPU = Debug|Any CPU
		Release|Any CPU = Release|Any CPU
	EndGlobalSection
	GlobalSection(ProjectConfigurationPlatforms) = postSolution
		{082C99E9-FA31-41FE-A1D2-D5C4D0F557C6}.Debug|Any CPU.ActiveCfg = Debug|Any CPU
		{082C99E9-FA31-41FE-A1D2-D5C4D0F557C6}.Debug|Any CPU.Build.0 = Debug|Any CPU
		{082C99E9-FA31-41FE-A1D2-D5C4D0F557C6}.Release|Any CPU.ActiveCfg = Release|Any CPU
		{082C99E9-FA31-41FE-A1D2-D5C4D0F557C6}.Release|Any CPU.Build.0 = Release|Any CPU
		{87AA55AE-4125-4D8C-9C9E-AC3F214B5D01}.Debug|Any CPU.ActiveCfg = Debug|Any CPU
		{87AA55AE-4125-4D8C-9C9E-AC3F214B5D01}.Debug|Any CPU.Build.0 = Debug|Any CPU
		{87AA55AE-4125-4D8C-9C9E-AC3F214B5D01}.Release|Any CPU.ActiveCfg = Release|Any CPU
		{87AA55AE-4125-4D8C-9C9E-AC3F214B5D01}.Release|Any CPU.Build.0 = Release|Any CPU
		{8E76C2B5-95D1-4490-9FC1-571C90FB58D8}.Debug|Any CPU.ActiveCfg = Debug|Any CPU
		{8E76C2B5-95D1-4490-9FC1-571C90FB58D8}.Debug|Any CPU.Build.0 = Debug|Any CPU
		{8E76C2B5-95D1-4490-9FC1-571C90FB58D8}.Release|Any CPU.ActiveCfg = Release|Any CPU
		{8E76C2B5-95D1-4490-9FC1-571C90FB58D8}.Release|Any CPU.Build.0 = Release|Any CPU
		{FC4500A9-8E83-46B0-87FA-86D44AB79AA7}.Debug|Any CPU.ActiveCfg = Debug|Any CPU
		{FC4500A9-8E83-46B0-87FA-86D44AB79AA7}.Debug|Any CPU.Build.0 = Debug|Any CPU
		{FC4500A9-8E83-46B0-87FA-86D44AB79AA7}.Release|Any CPU.ActiveCfg = Release|Any CPU
		{FC4500A9-8E83-46B0-87FA-86D44AB79AA7}.Release|Any CPU.Build.0 = Release|Any CPU
		{8192EECB-F2F1-4753-A29F-246F7E2973BF}.Debug|Any CPU.ActiveCfg = Debug|Any CPU
		{8192EECB-F2F1-4753-A29F-246F7E2973BF}.Debug|Any CPU.Build.0 = Debug|Any CPU
		{8192EECB-F2F1-4753-A29F-246F7E2973BF}.Release|Any CPU.ActiveCfg = Release|Any CPU
		{8192EECB-F2F1-4753-A29F-246F7E2973BF}.Release|Any CPU.Build.0 = Release|Any CPU
		{824EA0BD-A4F0-4659-AD48-64288447F5F3}.Debug|Any CPU.ActiveCfg = Debug|Any CPU
		{824EA0BD-A4F0-4659-AD48-64288447F5F3}.Debug|Any CPU.Build.0 = Debug|Any CPU
		{824EA0BD-A4F0-4659-AD48-64288447F5F3}.Release|Any CPU.ActiveCfg = Release|Any CPU
		{824EA0BD-A4F0-4659-AD48-64288447F5F3}.Release|Any CPU.Build.0 = Release|Any CPU
		{299D1983-B31C-4407-8C92-F9AD692DB2F7}.Debug|Any CPU.ActiveCfg = Debug|Any CPU
		{299D1983-B31C-4407-8C92-F9AD692DB2F7}.Debug|Any CPU.Build.0 = Debug|Any CPU
		{299D1983-B31C-4407-8C92-F9AD692DB2F7}.Release|Any CPU.ActiveCfg = Release|Any CPU
		{299D1983-B31C-4407-8C92-F9AD692DB2F7}.Release|Any CPU.Build.0 = Release|Any CPU
	EndGlobalSection
	GlobalSection(SolutionProperties) = preSolution
		HideSolutionNode = FALSE
	EndGlobalSection
	GlobalSection(NestedProjects) = preSolution
		{FC4500A9-8E83-46B0-87FA-86D44AB79AA7} = {4AE9C9A4-B9A9-42E9-83CE-25A98B770F9A}
		{8192EECB-F2F1-4753-A29F-246F7E2973BF} = {4AE9C9A4-B9A9-42E9-83CE-25A98B770F9A}
	EndGlobalSection
EndGlobal
